{
  "originHash" : "1e6dbd6c46fffa393cccc7e9636ba01f15287eff40a928f6c63b8f38d7f131d6",
  "pins" : [
    {
      "identity" : "uchardet",
      "kind" : "remoteSourceControl",
      "location" : "https://github.com/okferret/Uchardet.git",
      "state" : {
        "revision" : "3e0c281cdb92bdb3cb722dbbe323af543351191e",
        "version" : "0.0.6"
      }
    }
  ],
  "version" : 3
}
